
Microsoft Visual Studio Solution File, Format Version 12.00
# Visual Studio Version 17
VisualStudioVersion = 17.10.35122.118
MinimumVisualStudioVersion = 10.0.40219.1
Project("{2150E333-8FDC-42A3-9474-1A3956D46DE8}") = "Source", "Source", "{E2B2DC2A-7092-4EFB-AE1B-BD1D584E1C37}"
EndProject
Project("{FAE04EC0-301F-11D3-BF4B-00C04F79EFBC}") = "StudentDocumentManagement.Core.Domain", "StudentDocumentManagement.Core.Domain\StudentDocumentManagement.Core.Domain.csproj", "{DCD108CA-CA71-457D-973E-458E13962F1C}"
EndProject
Project("{FAE04EC0-301F-11D3-BF4B-00C04F79EFBC}") = "StudentDocumentManagement.Core.Application", "StudentDocumentManagement.Core.Application\StudentDocumentManagement.Core.Application.csproj", "{912ECCDC-AADF-4DB7-9CB2-DAE21080473D}"
EndProject
Project("{FAE04EC0-301F-11D3-BF4B-00C04F79EFBC}") = "StudentDocumentManagement.Infrastructure", "StudentDocumentManagement.Infrastructure\StudentDocumentManagement.Infrastructure.csproj", "{BE3F7A06-305D-4528-A3EA-18533C6AE5A9}"
EndProject
Project("{FAE04EC0-301F-11D3-BF4B-00C04F79EFBC}") = "StudentDocumentManagement.Infrastructure.Persistence", "StudentDocumentManagement.Infrastructure.Persistence\StudentDocumentManagement.Infrastructure.Persistence.csproj", "{FF3DE83F-E991-496E-AEBF-86381726F6A4}"
EndProject
Project("{FAE04EC0-301F-11D3-BF4B-00C04F79EFBC}") = "StudentDocumentManagement.Api", "StudentDocumentManagement.Api\StudentDocumentManagement.Api.csproj", "{BFDA76BF-342E-4604-ABF2-B458BB7522BF}"
EndProject
Project("{FAE04EC0-301F-11D3-BF4B-00C04F79EFBC}") = "StudentDocumentManagement.Infrastructure.Identity", "StudentDocumentManagement.Infrastructure.Identity\StudentDocumentManagement.Infrastructure.Identity.csproj", "{C79B80CD-C7A2-44CE-9CA2-58090300503D}"
EndProject
Global
	GlobalSection(SolutionConfigurationPlatforms) = preSolution
		Debug|Any CPU = Debug|Any CPU
		Release|Any CPU = Release|Any CPU
	EndGlobalSection
	GlobalSection(ProjectConfigurationPlatforms) = postSolution
		{DCD108CA-CA71-457D-973E-458E13962F1C}.Debug|Any CPU.ActiveCfg = Debug|Any CPU
		{DCD108CA-CA71-457D-973E-458E13962F1C}.Debug|Any CPU.Build.0 = Debug|Any CPU
		{DCD108CA-CA71-457D-973E-458E13962F1C}.Release|Any CPU.ActiveCfg = Release|Any CPU
		{DCD108CA-CA71-457D-973E-458E13962F1C}.Release|Any CPU.Build.0 = Release|Any CPU
		{912ECCDC-AADF-4DB7-9CB2-DAE21080473D}.Debug|Any CPU.ActiveCfg = Debug|Any CPU
		{912ECCDC-AADF-4DB7-9CB2-DAE21080473D}.Debug|Any CPU.Build.0 = Debug|Any CPU
		{912ECCDC-AADF-4DB7-9CB2-DAE21080473D}.Release|Any CPU.ActiveCfg = Release|Any CPU
		{912ECCDC-AADF-4DB7-9CB2-DAE21080473D}.Release|Any CPU.Build.0 = Release|Any CPU
		{BE3F7A06-305D-4528-A3EA-18533C6AE5A9}.Debug|Any CPU.ActiveCfg = Debug|Any CPU
		{BE3F7A06-305D-4528-A3EA-18533C6AE5A9}.Debug|Any CPU.Build.0 = Debug|Any CPU
		{BE3F7A06-305D-4528-A3EA-18533C6AE5A9}.Release|Any CPU.ActiveCfg = Release|Any CPU
		{BE3F7A06-305D-4528-A3EA-18533C6AE5A9}.Release|Any CPU.Build.0 = Release|Any CPU
		{FF3DE83F-E991-496E-AEBF-86381726F6A4}.Debug|Any CPU.ActiveCfg = Debug|Any CPU
		{FF3DE83F-E991-496E-AEBF-86381726F6A4}.Debug|Any CPU.Build.0 = Debug|Any CPU
		{FF3DE83F-E991-496E-AEBF-86381726F6A4}.Release|Any CPU.ActiveCfg = Release|Any CPU
		{FF3DE83F-E991-496E-AEBF-86381726F6A4}.Release|Any CPU.Build.0 = Release|Any CPU
		{BFDA76BF-342E-4604-ABF2-B458BB7522BF}.Debug|Any CPU.ActiveCfg = Debug|Any CPU
		{BFDA76BF-342E-4604-ABF2-B458BB7522BF}.Debug|Any CPU.Build.0 = Debug|Any CPU
		{BFDA76BF-342E-4604-ABF2-B458BB7522BF}.Release|Any CPU.ActiveCfg = Release|Any CPU
		{BFDA76BF-342E-4604-ABF2-B458BB7522BF}.Release|Any CPU.Build.0 = Release|Any CPU
		{C79B80CD-C7A2-44CE-9CA2-58090300503D}.Debug|Any CPU.ActiveCfg = Debug|Any CPU
		{C79B80CD-C7A2-44CE-9CA2-58090300503D}.Debug|Any CPU.Build.0 = Debug|Any CPU
		{C79B80CD-C7A2-44CE-9CA2-58090300503D}.Release|Any CPU.ActiveCfg = Release|Any CPU
		{C79B80CD-C7A2-44CE-9CA2-58090300503D}.Release|Any CPU.Build.0 = Release|Any CPU
	EndGlobalSection
	GlobalSection(SolutionProperties) = preSolution
		HideSolutionNode = FALSE
	EndGlobalSection
	GlobalSection(NestedProjects) = preSolution
		{DCD108CA-CA71-457D-973E-458E13962F1C} = {E2B2DC2A-7092-4EFB-AE1B-BD1D584E1C37}
		{912ECCDC-AADF-4DB7-9CB2-DAE21080473D} = {E2B2DC2A-7092-4EFB-AE1B-BD1D584E1C37}
		{BE3F7A06-305D-4528-A3EA-18533C6AE5A9} = {E2B2DC2A-7092-4EFB-AE1B-BD1D584E1C37}
		{FF3DE83F-E991-496E-AEBF-86381726F6A4} = {E2B2DC2A-7092-4EFB-AE1B-BD1D584E1C37}
		{BFDA76BF-342E-4604-ABF2-B458BB7522BF} = {E2B2DC2A-7092-4EFB-AE1B-BD1D584E1C37}
		{C79B80CD-C7A2-44CE-9CA2-58090300503D} = {E2B2DC2A-7092-4EFB-AE1B-BD1D584E1C37}
	EndGlobalSection
	GlobalSection(ExtensibilityGlobals) = postSolution
		SolutionGuid = {6F9A120D-5950-423E-96ED-B1E8AD9235EB}
	EndGlobalSection
EndGlobal
